<?xml version="1.0" encoding="utf-8"?>
<Project ToolsVersion="4.0" xmlns="http://schemas.microsoft.com/developer/msbuild/2003">
  <ItemGroup>
    <Filter Include="Source Files">
      <UniqueIdentifier>{4FC737F1-C7A5-4376-A066-2A32D752A2FF}</UniqueIdentifier>
      <Extensions>cpp;c;cc;cxx;c++;def;odl;idl;hpj;bat;asm;asmx</Extensions>
    </Filter>
    <Filter Include="Header Files">
      <UniqueIdentifier>{93995380-89BD-4b04-88EB-625FBE52EBFB}</UniqueIdentifier>
      <Extensions>h;hh;hpp;hxx;h++;hm;inl;inc;ipp;xsd</Extensions>
    </Filter>
    <Filter Include="Resource Files">
      <UniqueIdentifier>{67DA6AB6-F800-4c08-8B7A-83BB121AAD01}</UniqueIdentifier>
      <Extensions>rc;ico;cur;bmp;dlg;rc2;rct;bin;rgs;gif;jpg;jpeg;jpe;resx;tiff;tif;png;wav;mfcribbon-ms</Extensions>
    </Filter>
  </ItemGroup>
  <ItemGroup>
    <ClCompile Include="ev0020_s_mural.cpp">
      <Filter>Source Files</Filter>
    </ClCompile>
    <ClCompile Include="mod.cpp">
      <Filter>Source Files</Filter>
    </ClCompile>
    <ClCompile Include="ev0001_s_intro.cpp">
      <Filter>Source Files</Filter>
    </ClCompile>
    <ClCompile Include="ev002B_s_beforechaos0.cpp">
      <Filter>Source Files</Filter>
    </ClCompile>
    <ClCompile Include="ev0002_s_chaos0defeated.cpp">
      <Filter>Source Files</Filter>
    </ClCompile>
    <ClCompile Include="ev0003_s_tailscrash.cpp">
      <Filter>Source Files</Filter>
    </ClCompile>
    <ClCompile Include="ev0006_s_poolsidewithtails.cpp">
      <Filter>Source Files</Filter>
    </ClCompile>
    <ClCompile Include="ev0007_s_egghornetintro.cpp">
      <Filter>Source Files</Filter>
    </ClCompile>
    <ClCompile Include="ev0008_s_chaos1.cpp">
      <Filter>Source Files</Filter>
    </ClCompile>
    <ClCompile Include="ev0009_s_aftercasinopolis.cpp">
      <Filter>Source Files</Filter>
    </ClCompile>
    <ClCompile Include="ev000B_s_beforechaos4.cpp">
      <Filter>Source Files</Filter>
    </ClCompile>
    <ClCompile Include="ev000C_s_afterchaos4.cpp">
      <Filter>Source Files</Filter>
    </ClCompile>
    <ClCompile Include="ev000D_s_tornado1.cpp">
      <Filter>Source Files</Filter>
    </ClCompile>
    <ClCompile Include="ev0011_s_fallingtoSS.cpp">
      <Filter>Source Files</Filter>
    </ClCompile>
    <ClCompile Include="ev0012_s_meetingamy.cpp">
      <Filter>Source Files</Filter>
    </ClCompile>
    <ClCompile Include="ev0013_s_beforetwinklepark.cpp">
      <Filter>Source Files</Filter>
    </ClCompile>
  </ItemGroup>
  <ItemGroup>
    <ClInclude Include="SADXEventFunctions.h">
      <Filter>Header Files</Filter>
    </ClInclude>
    <ClInclude Include="SADXEventList.h">
      <Filter>Header Files</Filter>
    </ClInclude>
    <ClInclude Include="SADXEventStructs.h">
      <Filter>Header Files</Filter>
    </ClInclude>
    <ClInclude Include="SADXEventVariables.h">
      <Filter>Header Files</Filter>
    </ClInclude>
  </ItemGroup>
</Project>