<?xml version="1.0" encoding="utf-8"?>
<Project ToolsVersion="4.0" xmlns="http://schemas.microsoft.com/developer/msbuild/2003">
  <ItemGroup>
    <Filter Include="Source Files">
      <UniqueIdentifier>{4FC737F1-C7A5-4376-A066-2A32D752A2FF}</UniqueIdentifier>
      <Extensions>cpp;c;cc;cxx;c++;def;odl;idl;hpj;bat;asm;asmx</Extensions>
    </Filter>
    <Filter Include="Header Files">
      <UniqueIdentifier>{93995380-89BD-4b04-88EB-625FBE52EBFB}</UniqueIdentifier>
      <Extensions>h;hh;hpp;hxx;h++;hm;inl;inc;ipp;xsd</Extensions>
    </Filter>
    <Filter Include="Resource Files">
      <UniqueIdentifier>{67DA6AB6-F800-4c08-8B7A-83BB121AAD01}</UniqueIdentifier>
      <Extensions>rc;ico;cur;bmp;dlg;rc2;rct;bin;rgs;gif;jpg;jpeg;jpe;resx;tiff;tif;png;wav;mfcribbon-ms</Extensions>
    </Filter>
    <Filter Include="Source Files\Sonic">
      <UniqueIdentifier>{90c66a1a-12b8-4b27-a4aa-da42a47ba9fa}</UniqueIdentifier>
    </Filter>
    <Filter Include="Source Files\Tails">
      <UniqueIdentifier>{8bd115df-aa14-4c61-b6fe-37bb4bf18613}</UniqueIdentifier>
    </Filter>
    <Filter Include="Source Files\Knuckles">
      <UniqueIdentifier>{943b2c8f-b2df-4727-83af-effb5e1f2b44}</UniqueIdentifier>
    </Filter>
    <Filter Include="Source Files\E102">
      <UniqueIdentifier>{2be32c2f-8655-4ca1-8b90-451e8b3cb47f}</UniqueIdentifier>
    </Filter>
    <Filter Include="Source Files\Amy">
      <UniqueIdentifier>{4074db8c-08a7-4646-8271-a2cd0a178fcf}</UniqueIdentifier>
    </Filter>
    <Filter Include="Source Files\Big">
      <UniqueIdentifier>{d8b139ca-2694-4fe4-a383-bbb90d784470}</UniqueIdentifier>
    </Filter>
  </ItemGroup>
  <ItemGroup>
    <ClCompile Include="mod.cpp">
      <Filter>Source Files</Filter>
    </ClCompile>
    <ClCompile Include="Sonic\ev000B_s_beforechaos4.cpp">
      <Filter>Source Files\Sonic</Filter>
    </ClCompile>
    <ClCompile Include="Sonic\ev000C_s_afterchaos4.cpp">
      <Filter>Source Files\Sonic</Filter>
    </ClCompile>
    <ClCompile Include="Sonic\ev000D_s_tornado1.cpp">
      <Filter>Source Files\Sonic</Filter>
    </ClCompile>
    <ClCompile Include="Sonic\ev0001_s_intro.cpp">
      <Filter>Source Files\Sonic</Filter>
    </ClCompile>
    <ClCompile Include="Sonic\ev001A_s_eggmantakesbirdie.cpp">
      <Filter>Source Files\Sonic</Filter>
    </ClCompile>
    <ClCompile Include="Sonic\ev001B_s_aftergamma.cpp">
      <Filter>Source Files\Sonic</Filter>
    </ClCompile>
    <ClCompile Include="Sonic\ev001C_s_beforechaos6.cpp">
      <Filter>Source Files\Sonic</Filter>
    </ClCompile>
    <ClCompile Include="Sonic\ev001D_s_afterchaos6.cpp">
      <Filter>Source Files\Sonic</Filter>
    </ClCompile>
    <ClCompile Include="Sonic\ev001E_s_lostworld.cpp">
      <Filter>Source Files\Sonic</Filter>
    </ClCompile>
    <ClCompile Include="Sonic\ev0002_s_chaos0defeated.cpp">
      <Filter>Source Files\Sonic</Filter>
    </ClCompile>
    <ClCompile Include="Sonic\ev002A_s_casinowake.cpp">
      <Filter>Source Files\Sonic</Filter>
    </ClCompile>
    <ClCompile Include="Sonic\ev002B_s_beforechaos0.cpp">
      <Filter>Source Files\Sonic</Filter>
    </ClCompile>
    <ClCompile Include="Sonic\ev0003_s_tailscrash.cpp">
      <Filter>Source Files\Sonic</Filter>
    </ClCompile>
    <ClCompile Include="Sonic\ev0006_s_poolsidewithtails.cpp">
      <Filter>Source Files\Sonic</Filter>
    </ClCompile>
    <ClCompile Include="Sonic\ev0007_s_egghornetintro.cpp">
      <Filter>Source Files\Sonic</Filter>
    </ClCompile>
    <ClCompile Include="Sonic\ev0008_s_chaos1.cpp">
      <Filter>Source Files\Sonic</Filter>
    </ClCompile>
    <ClCompile Include="Sonic\ev0009_s_aftercasinopolis.cpp">
      <Filter>Source Files\Sonic</Filter>
    </ClCompile>
    <ClCompile Include="Sonic\ev0011_s_fallingtoSS.cpp">
      <Filter>Source Files\Sonic</Filter>
    </ClCompile>
    <ClCompile Include="Sonic\ev0012_s_meetingamy.cpp">
      <Filter>Source Files\Sonic</Filter>
    </ClCompile>
    <ClCompile Include="Sonic\ev0013_s_beforetwinklepark.cpp">
      <Filter>Source Files\Sonic</Filter>
    </ClCompile>
    <ClCompile Include="Sonic\ev0014_s_aftertwinklepark.cpp">
      <Filter>Source Files\Sonic</Filter>
    </ClCompile>
    <ClCompile Include="Sonic\ev0015_s_chasingzero.cpp">
      <Filter>Source Files\Sonic</Filter>
    </ClCompile>
    <ClCompile Include="Sonic\ev0016_s_zeroboardsec.cpp">
      <Filter>Source Files\Sonic</Filter>
    </ClCompile>
    <ClCompile Include="Sonic\ev0017_s_tailsreunion.cpp">
      <Filter>Source Files\Sonic</Filter>
    </ClCompile>
    <ClCompile Include="Sonic\ev017A_s_angelislandwall.cpp">
      <Filter>Source Files\Sonic</Filter>
    </ClCompile>
    <ClCompile Include="Sonic\ev0020_s_mural.cpp">
      <Filter>Source Files\Sonic</Filter>
    </ClCompile>
    <ClCompile Include="Sonic\ev0021_s_enterpast.cpp">
      <Filter>Source Files\Sonic</Filter>
    </ClCompile>
    <ClCompile Include="Sonic\ev0022_s_pastaltar.cpp">
      <Filter>Source Files\Sonic</Filter>
    </ClCompile>
    <ClCompile Include="Sonic\ev0023_s_afterpast.cpp">
      <Filter>Source Files\Sonic</Filter>
    </ClCompile>
    <ClCompile Include="Sonic\ev0024_s_eggviper.cpp">
      <Filter>Source Files\Sonic</Filter>
    </ClCompile>
    <ClCompile Include="Sonic\ev0026_s_outro.cpp">
      <Filter>Source Files\Sonic</Filter>
    </ClCompile>
    <ClCompile Include="Sonic\ev0028_s_sonicvsknuckles.cpp">
      <Filter>Source Files\Sonic</Filter>
    </ClCompile>
    <ClCompile Include="Sonic\ev0029_s_eclanding.cpp">
      <Filter>Source Files\Sonic</Filter>
    </ClCompile>
    <ClCompile Include="Sonic\ev0100_s_ecafterlanding.cpp">
      <Filter>Source Files\Sonic</Filter>
    </ClCompile>
    <ClCompile Include="Sonic\ev0101_s_ecfools.cpp">
      <Filter>Source Files\Sonic</Filter>
    </ClCompile>
    <ClCompile Include="Sonic\ev0102_s_ecaftertransforming.cpp">
      <Filter>Source Files\Sonic</Filter>
    </ClCompile>
    <ClCompile Include="Sonic\ev0103_s_skydeck.cpp">
      <Filter>Source Files\Sonic</Filter>
    </ClCompile>
    <ClCompile Include="Sonic\ev0104_s_afterskydeck.cpp">
      <Filter>Source Files\Sonic</Filter>
    </ClCompile>
    <ClCompile Include="Sonic\ev0106_s_originalshape.cpp">
      <Filter>Source Files\Sonic</Filter>
    </ClCompile>
    <ClCompile Include="Sonic\ev0107_s_alertcancelled.cpp">
      <Filter>Source Files\Sonic</Filter>
    </ClCompile>
    <ClCompile Include="Sonic\ev0165_s_crystalring.cpp">
      <Filter>Source Files\Sonic</Filter>
    </ClCompile>
    <ClCompile Include="Sonic\ev0166_s_lightshoes.cpp">
      <Filter>Source Files\Sonic</Filter>
    </ClCompile>
    <ClCompile Include="Sonic\ev0167_s_ancientlight.cpp">
      <Filter>Source Files\Sonic</Filter>
    </ClCompile>
    <ClCompile Include="Sonic\ev0176_s_icestone.cpp">
      <Filter>Source Files\Sonic</Filter>
    </ClCompile>
    <ClCompile Include="Sonic\ev0179_s_idcard.cpp">
      <Filter>Source Files\Sonic</Filter>
    </ClCompile>
    <ClCompile Include="Sonic\ev0180_s_redmountainintro.cpp">
      <Filter>Source Files\Sonic</Filter>
    </ClCompile>
    <ClCompile Include="Tails\ev0030_t_intro.cpp">
      <Filter>Source Files\Tails</Filter>
    </ClCompile>
    <ClCompile Include="Tails\ev0031_t_emeraldcoast.cpp">
      <Filter>Source Files\Tails</Filter>
    </ClCompile>
    <ClCompile Include="Tails\ev0032_t_meetingsonic.cpp">
      <Filter>Source Files\Tails</Filter>
    </ClCompile>
    <ClCompile Include="Tails\ev0033_t_egghornet.cpp">
      <Filter>Source Files\Tails</Filter>
    </ClCompile>
    <ClCompile Include="Tails\ev0034_t_chaos1.cpp">
      <Filter>Source Files\Tails</Filter>
    </ClCompile>
    <ClCompile Include="Tails\ev0035_t_aftercasinopolis.cpp">
      <Filter>Source Files\Tails</Filter>
    </ClCompile>
    <ClCompile Include="Tails\ev0038_t_vsknuckles.cpp">
      <Filter>Source Files\Tails</Filter>
    </ClCompile>
    <ClCompile Include="Tails\ev0039_t_beforechaos4.cpp">
      <Filter>Source Files\Tails</Filter>
    </ClCompile>
    <ClCompile Include="Tails\ev003A_t_afterchaos4.cpp">
      <Filter>Source Files\Tails</Filter>
    </ClCompile>
    <ClCompile Include="Tails\ev003B_t_tornado1.cpp">
      <Filter>Source Files\Tails</Filter>
    </ClCompile>
    <ClCompile Include="Tails\ev003E_t_flashback.cpp">
      <Filter>Source Files\Tails</Filter>
    </ClCompile>
    <ClCompile Include="Tails\ev0040_t_afterflashback.cpp">
      <Filter>Source Files\Tails</Filter>
    </ClCompile>
    <ClCompile Include="Tails\ev004B_t_eggmantakesbirdie.cpp">
      <Filter>Source Files\Tails</Filter>
    </ClCompile>
    <ClCompile Include="Tails\ev004C_t_escapecarrier.cpp">
      <Filter>Source Files\Tails</Filter>
    </ClCompile>
    <ClCompile Include="Tails\ev004D_t_missile.cpp">
      <Filter>Source Files\Tails</Filter>
    </ClCompile>
    <ClCompile Include="Tails\ev004E_t_speedhighway.cpp">
      <Filter>Source Files\Tails</Filter>
    </ClCompile>
    <ClCompile Include="Tails\ev017B_t_angelislandwall.cpp">
      <Filter>Source Files\Tails</Filter>
    </ClCompile>
    <ClCompile Include="Tails\ev0042_t_froggyjungle.cpp">
      <Filter>Source Files\Tails</Filter>
    </ClCompile>
    <ClCompile Include="Tails\ev0044_t_enterpast.cpp">
      <Filter>Source Files\Tails</Filter>
    </ClCompile>
    <ClCompile Include="Tails\ev0045_t_tikal.cpp">
      <Filter>Source Files\Tails</Filter>
    </ClCompile>
    <ClCompile Include="Tails\ev0046_t_big.cpp">
      <Filter>Source Files\Tails</Filter>
    </ClCompile>
    <ClCompile Include="Tails\ev0047_t_tornado2.cpp">
      <Filter>Source Files\Tails</Filter>
    </ClCompile>
    <ClCompile Include="Tails\ev0048_t_sonicreunion.cpp">
      <Filter>Source Files\Tails</Filter>
    </ClCompile>
    <ClCompile Include="Tails\ev0050_t_eggwalker.cpp">
      <Filter>Source Files\Tails</Filter>
    </ClCompile>
    <ClCompile Include="Tails\ev0051_t_walkerdefeated.cpp">
      <Filter>Source Files\Tails</Filter>
    </ClCompile>
    <ClCompile Include="Tails\ev0052_t_outro.cpp">
      <Filter>Source Files\Tails</Filter>
    </ClCompile>
    <ClCompile Include="Tails\ev0053_t_fmvplaceholder.cpp">
      <Filter>Source Files\Tails</Filter>
    </ClCompile>
    <ClCompile Include="Tails\ev0054_t_eclanding.cpp">
      <Filter>Source Files\Tails</Filter>
    </ClCompile>
    <ClCompile Include="Tails\ev0055_t_sandhill.cpp">
      <Filter>Source Files\Tails</Filter>
    </ClCompile>
    <ClCompile Include="Tails\ev0056_t_casinowake.cpp">
      <Filter>Source Files\Tails</Filter>
    </ClCompile>
    <ClCompile Include="Tails\ev0110_t_ecafterlanding.cpp">
      <Filter>Source Files\Tails</Filter>
    </ClCompile>
    <ClCompile Include="Tails\ev0112_t_ecaftertransforming.cpp">
      <Filter>Source Files\Tails</Filter>
    </ClCompile>
    <ClCompile Include="Tails\ev0111_t_ecfools.cpp">
      <Filter>Source Files\Tails</Filter>
    </ClCompile>
    <ClCompile Include="Tails\ev0113_t_skydeck.cpp">
      <Filter>Source Files\Tails</Filter>
    </ClCompile>
    <ClCompile Include="Tails\ev0114_t_afterskydeck.cpp">
      <Filter>Source Files\Tails</Filter>
    </ClCompile>
    <ClCompile Include="Tails\ev0168_t_jetanklet.cpp">
      <Filter>Source Files\Tails</Filter>
    </ClCompile>
    <ClCompile Include="Tails\ev0169_t_rhythmbadge.cpp">
      <Filter>Source Files\Tails</Filter>
    </ClCompile>
    <ClCompile Include="Tails\ev0177_t_icestone.cpp">
      <Filter>Source Files\Tails</Filter>
    </ClCompile>
    <ClCompile Include="objects.cpp">
      <Filter>Source Files</Filter>
    </ClCompile>
    <ClCompile Include="Knuckles\ev0080_k_intro.cpp">
      <Filter>Source Files\Knuckles</Filter>
    </ClCompile>
    <ClCompile Include="Knuckles\ev0082_k_beginhunt.cpp">
      <Filter>Source Files\Knuckles</Filter>
    </ClCompile>
    <ClCompile Include="Knuckles\ev0083_k_casinopast.cpp">
      <Filter>Source Files\Knuckles</Filter>
    </ClCompile>
    <ClCompile Include="Knuckles\ev0084_k_pastfirst.cpp">
      <Filter>Source Files\Knuckles</Filter>
    </ClCompile>
    <ClCompile Include="Knuckles\ev0085_k_tikalfather.cpp">
      <Filter>Source Files\Knuckles</Filter>
    </ClCompile>
    <ClCompile Include="Knuckles\ev0086_k_leavepastfirst.cpp">
      <Filter>Source Files\Knuckles</Filter>
    </ClCompile>
    <ClCompile Include="Knuckles\ev0087_k_chaos2.cpp">
      <Filter>Source Files\Knuckles</Filter>
    </ClCompile>
    <ClCompile Include="Knuckles\ev0088_k_eggmantricksknuckles.cpp">
      <Filter>Source Files\Knuckles</Filter>
    </ClCompile>
    <ClCompile Include="Knuckles\ev0089_k_chasesonic.cpp">
      <Filter>Source Files\Knuckles</Filter>
    </ClCompile>
    <ClCompile Include="Knuckles\ev008A_k_vssonic.cpp">
      <Filter>Source Files\Knuckles</Filter>
    </ClCompile>
    <ClCompile Include="Knuckles\ev008B_k_chaos4.cpp">
      <Filter>Source Files\Knuckles</Filter>
    </ClCompile>
    <ClCompile Include="Knuckles\ev008C_k_afterchaos4.cpp">
      <Filter>Source Files\Knuckles</Filter>
    </ClCompile>
    <ClCompile Include="Knuckles\ev008D_k_lostpast.cpp">
      <Filter>Source Files\Knuckles</Filter>
    </ClCompile>
    <ClCompile Include="Knuckles\ev008E_k_pastsecond.cpp">
      <Filter>Source Files\Knuckles</Filter>
    </ClCompile>
    <ClCompile Include="Knuckles\ev008F_k_tikalaltar.cpp">
      <Filter>Source Files\Knuckles</Filter>
    </ClCompile>
    <ClCompile Include="Knuckles\ev0091_k_leavepastsecond.cpp">
      <Filter>Source Files\Knuckles</Filter>
    </ClCompile>
    <ClCompile Include="Knuckles\ev0092_k_followgamma.cpp">
      <Filter>Source Files\Knuckles</Filter>
    </ClCompile>
    <ClCompile Include="Knuckles\ev0094_k_boardec.cpp">
      <Filter>Source Files\Knuckles</Filter>
    </ClCompile>
    <ClCompile Include="Knuckles\ev0095_k_gotlastpieces.cpp">
      <Filter>Source Files\Knuckles</Filter>
    </ClCompile>
    <ClCompile Include="Knuckles\ev0097_k_tikalfire.cpp">
      <Filter>Source Files\Knuckles</Filter>
    </ClCompile>
    <ClCompile Include="Knuckles\ev0096_k_pastthird.cpp">
      <Filter>Source Files\Knuckles</Filter>
    </ClCompile>
    <ClCompile Include="Knuckles\ev0098_k_leavepastthird.cpp">
      <Filter>Source Files\Knuckles</Filter>
    </ClCompile>
    <ClCompile Include="Knuckles\ev0099_k_beforechaos6.cpp">
      <Filter>Source Files\Knuckles</Filter>
    </ClCompile>
    <ClCompile Include="Knuckles\ev009A_k_glubglub.cpp">
      <Filter>Source Files\Knuckles</Filter>
    </ClCompile>
    <ClCompile Include="Knuckles\ev009B_k_afterchaos6.cpp">
      <Filter>Source Files\Knuckles</Filter>
    </ClCompile>
    <ClCompile Include="Knuckles\ev009C_k_fmvplaceholder.cpp">
      <Filter>Source Files\Knuckles</Filter>
    </ClCompile>
    <ClCompile Include="Knuckles\ev009D_k_restoreme.cpp">
      <Filter>Source Files\Knuckles</Filter>
    </ClCompile>
    <ClCompile Include="Knuckles\ev009F_k_outro.cpp">
      <Filter>Source Files\Knuckles</Filter>
    </ClCompile>
    <ClCompile Include="Knuckles\ev00A0_k_eggmanhotel.cpp">
      <Filter>Source Files\Knuckles</Filter>
    </ClCompile>
    <ClCompile Include="Knuckles\ev0122_k_outsideskydeck.cpp">
      <Filter>Source Files\Knuckles</Filter>
    </ClCompile>
    <ClCompile Include="Knuckles\ev016A_k_fightgloves.cpp">
      <Filter>Source Files\Knuckles</Filter>
    </ClCompile>
    <ClCompile Include="Knuckles\ev016B_k_shovelclaw.cpp">
      <Filter>Source Files\Knuckles</Filter>
    </ClCompile>
    <ClCompile Include="Knuckles\ev0120_k_ectransform1.cpp">
      <Filter>Source Files\Knuckles</Filter>
    </ClCompile>
    <ClCompile Include="Knuckles\ev0121_k_ectransform2.cpp">
      <Filter>Source Files\Knuckles</Filter>
    </ClCompile>
    <ClCompile Include="E102\ev00B0_e_intro.cpp">
      <Filter>Source Files\E102</Filter>
    </ClCompile>
    <ClCompile Include="E102\ev00B1_e_finalegg.cpp">
      <Filter>Source Files\E102</Filter>
    </ClCompile>
    <ClCompile Include="E102\ev00B3_e_uselessmachine.cpp">
      <Filter>Source Files\E102</Filter>
    </ClCompile>
    <ClCompile Include="E102\ev00B4_e_e101.cpp">
      <Filter>Source Files\E102</Filter>
    </ClCompile>
    <ClCompile Include="E102\ev00B2_e_afterfinalegg.cpp">
      <Filter>Source Files\E102</Filter>
    </ClCompile>
    <ClCompile Include="E102\ev00B5_e_betadefeated.cpp">
      <Filter>Source Files\E102</Filter>
    </ClCompile>
    <ClCompile Include="E102\ev00B7_e_fanfare.cpp">
      <Filter>Source Files\E102</Filter>
    </ClCompile>
    <ClCompile Include="E102\ev00B8_e_emeraldcoast.cpp">
      <Filter>Source Files\E102</Filter>
    </ClCompile>
    <ClCompile Include="E102\ev00B9_e_past.cpp">
      <Filter>Source Files\E102</Filter>
    </ClCompile>
    <ClCompile Include="E102\ev00BA_e_tikal.cpp">
      <Filter>Source Files\E102</Filter>
    </ClCompile>
    <ClCompile Include="E102\ev00BB_e_deliverfrog.cpp">
      <Filter>Source Files\E102</Filter>
    </ClCompile>
    <ClCompile Include="E102\ev00BC_e_enterwrongroom.cpp">
      <Filter>Source Files\E102</Filter>
    </ClCompile>
    <ClCompile Include="E102\ev00BD_e_e101factory.cpp">
      <Filter>Source Files\E102</Filter>
    </ClCompile>
    <ClCompile Include="E102\ev00C0_e_reportrear.cpp">
      <Filter>Source Files\E102</Filter>
    </ClCompile>
    <ClCompile Include="E102\ev00BF_e_prison.cpp">
      <Filter>Source Files\E102</Filter>
    </ClCompile>
    <ClCompile Include="E102\ev00BE_e_exitwrongroom.cpp">
      <Filter>Source Files\E102</Filter>
    </ClCompile>
    <ClCompile Include="E102\ev00C1_e_sonic.cpp">
      <Filter>Source Files\E102</Filter>
    </ClCompile>
    <ClCompile Include="E102\ev00C2_e_escapecarrier.cpp">
      <Filter>Source Files\E102</Filter>
    </ClCompile>
    <ClCompile Include="E102\ev00C3_e_objectivechanged.cpp">
      <Filter>Source Files\E102</Filter>
    </ClCompile>
    <ClCompile Include="E102\ev00C5_e_rememberbros.cpp">
      <Filter>Source Files\E102</Filter>
    </ClCompile>
    <ClCompile Include="E102\ev00C7_e_outro.cpp">
      <Filter>Source Files\E102</Filter>
    </ClCompile>
    <ClCompile Include="E102\ev0140_e_findjetbooster.cpp">
      <Filter>Source Files\E102</Filter>
    </ClCompile>
    <ClCompile Include="E102\ev0141_e_hotshelter.cpp">
      <Filter>Source Files\E102</Filter>
    </ClCompile>
    <ClCompile Include="E102\ev0142_e_betamk2.cpp">
      <Filter>Source Files\E102</Filter>
    </ClCompile>
    <ClCompile Include="E102\ev016E_e_laserblaster.cpp">
      <Filter>Source Files\E102</Filter>
    </ClCompile>
    <ClCompile Include="E102\ev016F_e_jetbooster.cpp">
      <Filter>Source Files\E102</Filter>
    </ClCompile>
    <ClCompile Include="Amy\ev0058_a_preintro.cpp">
      <Filter>Source Files\Amy</Filter>
    </ClCompile>
    <ClCompile Include="Amy\ev0060_a_intro1.cpp">
      <Filter>Source Files\Amy</Filter>
    </ClCompile>
    <ClCompile Include="Amy\ev0061_a_intro2.cpp">
      <Filter>Source Files\Amy</Filter>
    </ClCompile>
    <ClCompile Include="Amy\ev0062_a_meetsonic.cpp">
      <Filter>Source Files\Amy</Filter>
    </ClCompile>
    <ClCompile Include="Amy\ev0063_a_twinklepark.cpp">
      <Filter>Source Files\Amy</Filter>
    </ClCompile>
    <ClCompile Include="Amy\ev0064_a_kidnapped.cpp">
      <Filter>Source Files\Amy</Filter>
    </ClCompile>
    <ClCompile Include="Amy\ev0065_a_prison.cpp">
      <Filter>Source Files\Amy</Filter>
    </ClCompile>
    <ClCompile Include="Amy\ev0066_a_hotshelter.cpp">
      <Filter>Source Files\Amy</Filter>
    </ClCompile>
    <ClCompile Include="Amy\ev0067_a_past.cpp">
      <Filter>Source Files\Amy</Filter>
    </ClCompile>
    <ClCompile Include="Amy\ev0068_a_tikal.cpp">
      <Filter>Source Files\Amy</Filter>
    </ClCompile>
    <ClCompile Include="Amy\ev0069_a_eggmantakesbirdie.cpp">
      <Filter>Source Files\Amy</Filter>
    </ClCompile>
    <ClCompile Include="Amy\ev006A_a_escapecarrier.cpp">
      <Filter>Source Files\Amy</Filter>
    </ClCompile>
    <ClCompile Include="Amy\ev006B_a_fmvplaceholder.cpp">
      <Filter>Source Files\Amy</Filter>
    </ClCompile>
    <ClCompile Include="Amy\ev006C_a_exitpast.cpp">
      <Filter>Source Files\Amy</Filter>
    </ClCompile>
    <ClCompile Include="Amy\ev006D_a_savebirdsbros.cpp">
      <Filter>Source Files\Amy</Filter>
    </ClCompile>
    <ClCompile Include="Amy\ev006E_a_junglebase.cpp">
      <Filter>Source Files\Amy</Filter>
    </ClCompile>
    <ClCompile Include="Amy\ev006F_a_finalegg.cpp">
      <Filter>Source Files\Amy</Filter>
    </ClCompile>
    <ClCompile Include="Amy\ev0070_a_returncarrier.cpp">
      <Filter>Source Files\Amy</Filter>
    </ClCompile>
    <ClCompile Include="Amy\ev0071_a_amygetangry.cpp">
      <Filter>Source Files\Amy</Filter>
    </ClCompile>
    <ClCompile Include="Amy\ev0072_a_outro.cpp">
      <Filter>Source Files\Amy</Filter>
    </ClCompile>
    <ClCompile Include="Amy\ev0075_a_kidnapped2.cpp">
      <Filter>Source Files\Amy</Filter>
    </ClCompile>
    <ClCompile Include="Amy\ev0130_a_hedgehoghammer.cpp">
      <Filter>Source Files\Amy</Filter>
    </ClCompile>
    <ClCompile Include="Amy\ev0131_a_hedgehoghammerwin.cpp">
      <Filter>Source Files\Amy</Filter>
    </ClCompile>
    <ClCompile Include="Amy\ev016C_a_longhammer.cpp">
      <Filter>Source Files\Amy</Filter>
    </ClCompile>
    <ClCompile Include="Amy\ev016D_a_warriorfeather.cpp">
      <Filter>Source Files\Amy</Filter>
    </ClCompile>
    <ClCompile Include="Big\ev00D0_b_intro.cpp">
      <Filter>Source Files\Big</Filter>
    </ClCompile>
    <ClCompile Include="Big\ev00D1_b_stationsquare.cpp">
      <Filter>Source Files\Big</Filter>
    </ClCompile>
    <ClCompile Include="Big\ev00D2_b_car.cpp">
      <Filter>Source Files\Big</Filter>
    </ClCompile>
    <ClCompile Include="Big\ev00D3_b_tails.cpp">
      <Filter>Source Files\Big</Filter>
    </ClCompile>
    <ClCompile Include="Big\ev00D4_b_emeraldcoast.cpp">
      <Filter>Source Files\Big</Filter>
    </ClCompile>
    <ClCompile Include="Big\ev00D8_b_eggcarrier.cpp">
      <Filter>Source Files\Big</Filter>
    </ClCompile>
    <ClCompile Include="Big\ev00D9_b_hotsheltertank.cpp">
      <Filter>Source Files\Big</Filter>
    </ClCompile>
    <ClCompile Include="Big\ev00DA_b_enterpast.cpp">
      <Filter>Source Files\Big</Filter>
    </ClCompile>
    <ClCompile Include="Big\ev00DB_b_past.cpp">
      <Filter>Source Files\Big</Filter>
    </ClCompile>
    <ClCompile Include="Big\ev00DC_b_tikal.cpp">
      <Filter>Source Files\Big</Filter>
    </ClCompile>
    <ClCompile Include="Big\ev00DD_b_leavepast.cpp">
      <Filter>Source Files\Big</Filter>
    </ClCompile>
    <ClCompile Include="Big\ev00DE_b_chaos6.cpp">
      <Filter>Source Files\Big</Filter>
    </ClCompile>
    <ClCompile Include="Big\ev00DF_b_chaos6defeated.cpp">
      <Filter>Source Files\Big</Filter>
    </ClCompile>
    <ClCompile Include="Big\ev00E0_b_tornado2.cpp">
      <Filter>Source Files\Big</Filter>
    </ClCompile>
    <ClCompile Include="Big\ev00E1_b_fmvplaceholder.cpp">
      <Filter>Source Files\Big</Filter>
    </ClCompile>
    <ClCompile Include="Big\ev00E2_b_outro.cpp">
      <Filter>Source Files\Big</Filter>
    </ClCompile>
    <ClCompile Include="Big\ev00E3_b_froggyhotel.cpp">
      <Filter>Source Files\Big</Filter>
    </ClCompile>
    <ClCompile Include="Big\ev0170_b_powerrod.cpp">
      <Filter>Source Files\Big</Filter>
    </ClCompile>
    <ClCompile Include="Big\ev0171_b_lifebelt.cpp">
      <Filter>Source Files\Big</Filter>
    </ClCompile>
    <ClCompile Include="Big\ev0178_b_icestone.cpp">
      <Filter>Source Files\Big</Filter>
    </ClCompile>
    <ClCompile Include="e102\ev017C_e_angelislandwall.cpp">
      <Filter>Source Files\E102</Filter>
    </ClCompile>
  </ItemGroup>
  <ItemGroup>
    <ClInclude Include="SADXEventFunctions.h">
      <Filter>Header Files</Filter>
    </ClInclude>
    <ClInclude Include="SADXEventList.h">
      <Filter>Header Files</Filter>
    </ClInclude>
    <ClInclude Include="SADXEventStructs.h">
      <Filter>Header Files</Filter>
    </ClInclude>
    <ClInclude Include="SADXEventVariables.h">
      <Filter>Header Files</Filter>
    </ClInclude>
  </ItemGroup>
</Project>